
Microsoft Visual Studio Solution File, Format Version 12.00
# Visual Studio Version 16
VisualStudioVersion = 16.0.31410.357
MinimumVisualStudioVersion = 10.0.40219.1
Project("{9A19103F-16F7-4668-BE54-9A1E7A4F7556}") = "KubeConnect", "KubeConnect\KubeConnect.csproj", "{70F6FA7C-D2C7-4028-A566-98AA88B9C87A}"
EndProject
Project("{9A19103F-16F7-4668-BE54-9A1E7A4F7556}") = "KubernetesClient", "KubernetesClient\KubernetesClient.csproj", "{101FA029-000C-43DA-9206-CF5FC43CFF07}"
EndProject
Global
	GlobalSection(SolutionConfigurationPlatforms) = preSolution
		Debug|Any CPU = Debug|Any CPU
		Release|Any CPU = Release|Any CPU
	EndGlobalSection
	GlobalSection(ProjectConfigurationPlatforms) = postSolution
		{70F6FA7C-D2C7-4028-A566-98AA88B9C87A}.Debug|Any CPU.ActiveCfg = Debug|Any CPU
		{70F6FA7C-D2C7-4028-A566-98AA88B9C87A}.Debug|Any CPU.Build.0 = Debug|Any CPU
		{70F6FA7C-D2C7-4028-A566-98AA88B9C87A}.Release|Any CPU.ActiveCfg = Release|Any CPU
		{70F6FA7C-D2C7-4028-A566-98AA88B9C87A}.Release|Any CPU.Build.0 = Release|Any CPU
		{101FA029-000C-43DA-9206-CF5FC43CFF07}.Debug|Any CPU.ActiveCfg = Debug|Any CPU
		{101FA029-000C-43DA-9206-CF5FC43CFF07}.Debug|Any CPU.Build.0 = Debug|Any CPU
		{101FA029-000C-43DA-9206-CF5FC43CFF07}.Release|Any CPU.ActiveCfg = Release|Any CPU
		{101FA029-000C-43DA-9206-CF5FC43CFF07}.Release|Any CPU.Build.0 = Release|Any CPU
	EndGlobalSection
	GlobalSection(SolutionProperties) = preSolution
		HideSolutionNode = FALSE
	EndGlobalSection
	GlobalSection(ExtensibilityGlobals) = postSolution
		SolutionGuid = {5B8EDC5B-1E9B-40C7-909C-6CBF8F8E1C84}
	EndGlobalSection
EndGlobal
