
Microsoft Visual Studio Solution File, Format Version 12.00
# Visual Studio Version 16
VisualStudioVersion = 16.0.31410.357
MinimumVisualStudioVersion = 10.0.40219.1
Project("{FAE04EC0-301F-11D3-BF4B-00C04F79EFBC}") = "KubeConnect", "KubeConnect\KubeConnect.csproj", "{55929474-08E4-46FB-B1B9-8CBBC900AE0A}"
EndProject
Global
	GlobalSection(SolutionConfigurationPlatforms) = preSolution
		Debug|Any CPU = Debug|Any CPU
		Release|Any CPU = Release|Any CPU
	EndGlobalSection
	GlobalSection(ProjectConfigurationPlatforms) = postSolution
		{55929474-08E4-46FB-B1B9-8CBBC900AE0A}.Debug|Any CPU.ActiveCfg = Debug|Any CPU
		{55929474-08E4-46FB-B1B9-8CBBC900AE0A}.Debug|Any CPU.Build.0 = Debug|Any CPU
		{55929474-08E4-46FB-B1B9-8CBBC900AE0A}.Release|Any CPU.ActiveCfg = Release|Any CPU
		{55929474-08E4-46FB-B1B9-8CBBC900AE0A}.Release|Any CPU.Build.0 = Release|Any CPU
	EndGlobalSection
	GlobalSection(SolutionProperties) = preSolution
		HideSolutionNode = FALSE
	EndGlobalSection
	GlobalSection(ExtensibilityGlobals) = postSolution
		SolutionGuid = {E2B0F8E6-BB84-4CE8-B051-A2ACA8A1A01F}
	EndGlobalSection
EndGlobal
